// !$*UTF8*$!
{
	archiveVersion = 1;
	classes = {
	};
	objectVersion = 50;
	objects = {

/* Begin PBXBuildFile section */
		17262302232181B000DA7A27 /* URLHandler.swift in Sources */ = {isa = PBXBuildFile; fileRef = 17262301232181B000DA7A27 /* URLHandler.swift */; };
		1751857F231DB33B0052F4E3 /* App.swift in Sources */ = {isa = PBXBuildFile; fileRef = 1751857E231DB33B0052F4E3 /* App.swift */; };
		17518581231DB3E90052F4E3 /* User.swift in Sources */ = {isa = PBXBuildFile; fileRef = 17518580231DB3E90052F4E3 /* User.swift */; };
		17518589231DB9800052F4E3 /* AppTests.swift in Sources */ = {isa = PBXBuildFile; fileRef = 17518588231DB9800052F4E3 /* AppTests.swift */; };
		1758F0032333F1520095E3BC /* HouseBuyer.swift in Sources */ = {isa = PBXBuildFile; fileRef = 1758F0022333F1520095E3BC /* HouseBuyer.swift */; };
		17800972231584880055C652 /* AppDelegate.swift in Sources */ = {isa = PBXBuildFile; fileRef = 17800971231584880055C652 /* AppDelegate.swift */; };
		17800974231584880055C652 /* ShareViewController.swift in Sources */ = {isa = PBXBuildFile; fileRef = 17800973231584880055C652 /* ShareViewController.swift */; };
		17800977231584880055C652 /* Main.storyboard in Resources */ = {isa = PBXBuildFile; fileRef = 17800975231584880055C652 /* Main.storyboard */; };
		178009792315848A0055C652 /* Assets.xcassets in Resources */ = {isa = PBXBuildFile; fileRef = 178009782315848A0055C652 /* Assets.xcassets */; };
		1780097C2315848A0055C652 /* LaunchScreen.storyboard in Resources */ = {isa = PBXBuildFile; fileRef = 1780097A2315848A0055C652 /* LaunchScreen.storyboard */; };
		178009872315848A0055C652 /* SecondTests.swift in Sources */ = {isa = PBXBuildFile; fileRef = 178009862315848A0055C652 /* SecondTests.swift */; };
		178009922315860F0055C652 /* House.swift in Sources */ = {isa = PBXBuildFile; fileRef = 178009912315860F0055C652 /* House.swift */; };
		17BEAF832321617F00B903DC /* ShareView.swift in Sources */ = {isa = PBXBuildFile; fileRef = 17BEAF822321617F00B903DC /* ShareView.swift */; };
/* End PBXBuildFile section */

/* Begin PBXContainerItemProxy section */
		1751858B231DB9800052F4E3 /* PBXContainerItemProxy */ = {
			isa = PBXContainerItemProxy;
			containerPortal = 17800966231584880055C652 /* Project object */;
			proxyType = 1;
			remoteGlobalIDString = 1780096D231584880055C652;
			remoteInfo = Second;
		};
		178009832315848A0055C652 /* PBXContainerItemProxy */ = {
			isa = PBXContainerItemProxy;
			containerPortal = 17800966231584880055C652 /* Project object */;
			proxyType = 1;
			remoteGlobalIDString = 1780096D231584880055C652;
			remoteInfo = Second;
		};
/* End PBXContainerItemProxy section */

/* Begin PBXFileReference section */
		17262301232181B000DA7A27 /* URLHandler.swift */ = {isa = PBXFileReference; lastKnownFileType = sourcecode.swift; path = URLHandler.swift; sourceTree = "<group>"; };
		1751857E231DB33B0052F4E3 /* App.swift */ = {isa = PBXFileReference; lastKnownFileType = sourcecode.swift; path = App.swift; sourceTree = "<group>"; };
		17518580231DB3E90052F4E3 /* User.swift */ = {isa = PBXFileReference; lastKnownFileType = sourcecode.swift; path = User.swift; sourceTree = "<group>"; };
		17518586231DB9800052F4E3 /* AppTests.xctest */ = {isa = PBXFileReference; explicitFileType = wrapper.cfbundle; includeInIndex = 0; path = AppTests.xctest; sourceTree = BUILT_PRODUCTS_DIR; };
		17518588231DB9800052F4E3 /* AppTests.swift */ = {isa = PBXFileReference; lastKnownFileType = sourcecode.swift; path = AppTests.swift; sourceTree = "<group>"; };
		1751858A231DB9800052F4E3 /* Info.plist */ = {isa = PBXFileReference; lastKnownFileType = text.plist.xml; path = Info.plist; sourceTree = "<group>"; };
		1758F0022333F1520095E3BC /* HouseBuyer.swift */ = {isa = PBXFileReference; lastKnownFileType = sourcecode.swift; path = HouseBuyer.swift; sourceTree = "<group>"; };
		1780096E231584880055C652 /* Second.app */ = {isa = PBXFileReference; explicitFileType = wrapper.application; includeInIndex = 0; path = Second.app; sourceTree = BUILT_PRODUCTS_DIR; };
		17800971231584880055C652 /* AppDelegate.swift */ = {isa = PBXFileReference; lastKnownFileType = sourcecode.swift; path = AppDelegate.swift; sourceTree = "<group>"; };
		17800973231584880055C652 /* ShareViewController.swift */ = {isa = PBXFileReference; lastKnownFileType = sourcecode.swift; path = ShareViewController.swift; sourceTree = "<group>"; };
		17800976231584880055C652 /* Base */ = {isa = PBXFileReference; lastKnownFileType = file.storyboard; name = Base; path = Base.lproj/Main.storyboard; sourceTree = "<group>"; };
		178009782315848A0055C652 /* Assets.xcassets */ = {isa = PBXFileReference; lastKnownFileType = folder.assetcatalog; path = Assets.xcassets; sourceTree = "<group>"; };
		1780097B2315848A0055C652 /* Base */ = {isa = PBXFileReference; lastKnownFileType = file.storyboard; name = Base; path = Base.lproj/LaunchScreen.storyboard; sourceTree = "<group>"; };
		1780097D2315848A0055C652 /* Info.plist */ = {isa = PBXFileReference; lastKnownFileType = text.plist.xml; path = Info.plist; sourceTree = "<group>"; };
		178009822315848A0055C652 /* SecondTests.xctest */ = {isa = PBXFileReference; explicitFileType = wrapper.cfbundle; includeInIndex = 0; path = SecondTests.xctest; sourceTree = BUILT_PRODUCTS_DIR; };
		178009862315848A0055C652 /* SecondTests.swift */ = {isa = PBXFileReference; lastKnownFileType = sourcecode.swift; path = SecondTests.swift; sourceTree = "<group>"; };
		178009882315848A0055C652 /* Info.plist */ = {isa = PBXFileReference; lastKnownFileType = text.plist.xml; path = Info.plist; sourceTree = "<group>"; };
		178009912315860F0055C652 /* House.swift */ = {isa = PBXFileReference; lastKnownFileType = sourcecode.swift; path = House.swift; sourceTree = "<group>"; };
		17BEAF822321617F00B903DC /* ShareView.swift */ = {isa = PBXFileReference; lastKnownFileType = sourcecode.swift; path = ShareView.swift; sourceTree = "<group>"; };
/* End PBXFileReference section */

/* Begin PBXFrameworksBuildPhase section */
		17518583231DB9800052F4E3 /* Frameworks */ = {
			isa = PBXFrameworksBuildPhase;
			buildActionMask = 2147483647;
			files = (
			);
			runOnlyForDeploymentPostprocessing = 0;
		};
		1780096B231584880055C652 /* Frameworks */ = {
			isa = PBXFrameworksBuildPhase;
			buildActionMask = 2147483647;
			files = (
			);
			runOnlyForDeploymentPostprocessing = 0;
		};
		1780097F2315848A0055C652 /* Frameworks */ = {
			isa = PBXFrameworksBuildPhase;
			buildActionMask = 2147483647;
			files = (
			);
			runOnlyForDeploymentPostprocessing = 0;
		};
/* End PBXFrameworksBuildPhase section */

/* Begin PBXGroup section */
		1751857D231DB32B0052F4E3 /* App */ = {
			isa = PBXGroup;
			children = (
				1751857E231DB33B0052F4E3 /* App.swift */,
				17518580231DB3E90052F4E3 /* User.swift */,
			);
			path = App;
			sourceTree = "<group>";
		};
		17518587231DB9800052F4E3 /* AppTests */ = {
			isa = PBXGroup;
			children = (
				17518588231DB9800052F4E3 /* AppTests.swift */,
				1751858A231DB9800052F4E3 /* Info.plist */,
			);
			path = AppTests;
			sourceTree = "<group>";
		};
		1758F0012333F1430095E3BC /* Houses */ = {
			isa = PBXGroup;
			children = (
				1758F0022333F1520095E3BC /* HouseBuyer.swift */,
			);
			path = Houses;
			sourceTree = "<group>";
		};
		17800965231584880055C652 = {
			isa = PBXGroup;
			children = (
				17800970231584880055C652 /* Second */,
				178009852315848A0055C652 /* SecondTests */,
				17518587231DB9800052F4E3 /* AppTests */,
				1780096F231584880055C652 /* Products */,
			);
			sourceTree = "<group>";
		};
		1780096F231584880055C652 /* Products */ = {
			isa = PBXGroup;
			children = (
				1780096E231584880055C652 /* Second.app */,
				178009822315848A0055C652 /* SecondTests.xctest */,
				17518586231DB9800052F4E3 /* AppTests.xctest */,
			);
			name = Products;
			sourceTree = "<group>";
		};
		17800970231584880055C652 /* Second */ = {
			isa = PBXGroup;
			children = (
				1758F0012333F1430095E3BC /* Houses */,
				1751857D231DB32B0052F4E3 /* App */,
				17800971231584880055C652 /* AppDelegate.swift */,
				17800973231584880055C652 /* ShareViewController.swift */,
				17BEAF822321617F00B903DC /* ShareView.swift */,
				17800975231584880055C652 /* Main.storyboard */,
				178009782315848A0055C652 /* Assets.xcassets */,
				1780097A2315848A0055C652 /* LaunchScreen.storyboard */,
				1780097D2315848A0055C652 /* Info.plist */,
				178009912315860F0055C652 /* House.swift */,
				17262301232181B000DA7A27 /* URLHandler.swift */,
			);
			path = Second;
			sourceTree = "<group>";
		};
		178009852315848A0055C652 /* SecondTests */ = {
			isa = PBXGroup;
			children = (
				178009862315848A0055C652 /* SecondTests.swift */,
				178009882315848A0055C652 /* Info.plist */,
			);
			path = SecondTests;
			sourceTree = "<group>";
		};
/* End PBXGroup section */

/* Begin PBXNativeTarget section */
		17518585231DB9800052F4E3 /* AppTests */ = {
			isa = PBXNativeTarget;
			buildConfigurationList = 1751858D231DB9800052F4E3 /* Build configuration list for PBXNativeTarget "AppTests" */;
			buildPhases = (
				17518582231DB9800052F4E3 /* Sources */,
				17518583231DB9800052F4E3 /* Frameworks */,
				17518584231DB9800052F4E3 /* Resources */,
			);
			buildRules = (
			);
			dependencies = (
				1751858C231DB9800052F4E3 /* PBXTargetDependency */,
			);
			name = AppTests;
			productName = AppTests;
			productReference = 17518586231DB9800052F4E3 /* AppTests.xctest */;
			productType = "com.apple.product-type.bundle.unit-test";
		};
		1780096D231584880055C652 /* Second */ = {
			isa = PBXNativeTarget;
			buildConfigurationList = 1780098B2315848A0055C652 /* Build configuration list for PBXNativeTarget "Second" */;
			buildPhases = (
				1780096A231584880055C652 /* Sources */,
				1780096B231584880055C652 /* Frameworks */,
				1780096C231584880055C652 /* Resources */,
			);
			buildRules = (
			);
			dependencies = (
			);
			name = Second;
			productName = Second;
			productReference = 1780096E231584880055C652 /* Second.app */;
			productType = "com.apple.product-type.application";
		};
		178009812315848A0055C652 /* SecondTests */ = {
			isa = PBXNativeTarget;
			buildConfigurationList = 1780098E2315848A0055C652 /* Build configuration list for PBXNativeTarget "SecondTests" */;
			buildPhases = (
				1780097E2315848A0055C652 /* Sources */,
				1780097F2315848A0055C652 /* Frameworks */,
				178009802315848A0055C652 /* Resources */,
			);
			buildRules = (
			);
			dependencies = (
				178009842315848A0055C652 /* PBXTargetDependency */,
			);
			name = SecondTests;
			productName = SecondTests;
			productReference = 178009822315848A0055C652 /* SecondTests.xctest */;
			productType = "com.apple.product-type.bundle.unit-test";
		};
/* End PBXNativeTarget section */

/* Begin PBXProject section */
		17800966231584880055C652 /* Project object */ = {
			isa = PBXProject;
			attributes = {
				LastSwiftUpdateCheck = 1010;
				LastUpgradeCheck = 1010;
				ORGANIZATIONNAME = "Ivan Erwin Lopez Ansaldo";
				TargetAttributes = {
					17518585231DB9800052F4E3 = {
						CreatedOnToolsVersion = 10.1;
						TestTargetID = 1780096D231584880055C652;
					};
					1780096D231584880055C652 = {
						CreatedOnToolsVersion = 10.1;
					};
					178009812315848A0055C652 = {
						CreatedOnToolsVersion = 10.1;
						TestTargetID = 1780096D231584880055C652;
					};
				};
			};
			buildConfigurationList = 17800969231584880055C652 /* Build configuration list for PBXProject "Second" */;
			compatibilityVersion = "Xcode 9.3";
			developmentRegion = en;
			hasScannedForEncodings = 0;
			knownRegions = (
				en,
				Base,
			);
			mainGroup = 17800965231584880055C652;
			productRefGroup = 1780096F231584880055C652 /* Products */;
			projectDirPath = "";
			projectRoot = "";
			targets = (
				1780096D231584880055C652 /* Second */,
				178009812315848A0055C652 /* SecondTests */,
				17518585231DB9800052F4E3 /* AppTests */,
			);
		};
/* End PBXProject section */

/* Begin PBXResourcesBuildPhase section */
		17518584231DB9800052F4E3 /* Resources */ = {
			isa = PBXResourcesBuildPhase;
			buildActionMask = 2147483647;
			files = (
			);
			runOnlyForDeploymentPostprocessing = 0;
		};
		1780096C231584880055C652 /* Resources */ = {
			isa = PBXResourcesBuildPhase;
			buildActionMask = 2147483647;
			files = (
				1780097C2315848A0055C652 /* LaunchScreen.storyboard in Resources */,
				178009792315848A0055C652 /* Assets.xcassets in Resources */,
				17800977231584880055C652 /* Main.storyboard in Resources */,
			);
			runOnlyForDeploymentPostprocessing = 0;
		};
		178009802315848A0055C652 /* Resources */ = {
			isa = PBXResourcesBuildPhase;
			buildActionMask = 2147483647;
			files = (
			);
			runOnlyForDeploymentPostprocessing = 0;
		};
/* End PBXResourcesBuildPhase section */

/* Begin PBXSourcesBuildPhase section */
		17518582231DB9800052F4E3 /* Sources */ = {
			isa = PBXSourcesBuildPhase;
			buildActionMask = 2147483647;
			files = (
				17518589231DB9800052F4E3 /* AppTests.swift in Sources */,
			);
			runOnlyForDeploymentPostprocessing = 0;
		};
		1780096A231584880055C652 /* Sources */ = {
			isa = PBXSourcesBuildPhase;
			buildActionMask = 2147483647;
			files = (
				17262302232181B000DA7A27 /* URLHandler.swift in Sources */,
				17BEAF832321617F00B903DC /* ShareView.swift in Sources */,
				17800974231584880055C652 /* ShareViewController.swift in Sources */,
				1751857F231DB33B0052F4E3 /* App.swift in Sources */,
				178009922315860F0055C652 /* House.swift in Sources */,
				1758F0032333F1520095E3BC /* HouseBuyer.swift in Sources */,
				17518581231DB3E90052F4E3 /* User.swift in Sources */,
				17800972231584880055C652 /* AppDelegate.swift in Sources */,
			);
			runOnlyForDeploymentPostprocessing = 0;
		};
		1780097E2315848A0055C652 /* Sources */ = {
			isa = PBXSourcesBuildPhase;
			buildActionMask = 2147483647;
			files = (
				178009872315848A0055C652 /* SecondTests.swift in Sources */,
			);
			runOnlyForDeploymentPostprocessing = 0;
		};
/* End PBXSourcesBuildPhase section */

/* Begin PBXTargetDependency section */
		1751858C231DB9800052F4E3 /* PBXTargetDependency */ = {
			isa = PBXTargetDependency;
			target = 1780096D231584880055C652 /* Second */;
			targetProxy = 1751858B231DB9800052F4E3 /* PBXContainerItemProxy */;
		};
		178009842315848A0055C652 /* PBXTargetDependency */ = {
			isa = PBXTargetDependency;
			target = 1780096D231584880055C652 /* Second */;
			targetProxy = 178009832315848A0055C652 /* PBXContainerItemProxy */;
		};
/* End PBXTargetDependency section */

/* Begin PBXVariantGroup section */
		17800975231584880055C652 /* Main.storyboard */ = {
			isa = PBXVariantGroup;
			children = (
				17800976231584880055C652 /* Base */,
			);
			name = Main.storyboard;
			sourceTree = "<group>";
		};
		1780097A2315848A0055C652 /* LaunchScreen.storyboard */ = {
			isa = PBXVariantGroup;
			children = (
				1780097B2315848A0055C652 /* Base */,
			);
			name = LaunchScreen.storyboard;
			sourceTree = "<group>";
		};
/* End PBXVariantGroup section */

/* Begin XCBuildConfiguration section */
		1751858E231DB9800052F4E3 /* Debug */ = {
			isa = XCBuildConfiguration;
			buildSettings = {
				BUNDLE_LOADER = "$(TEST_HOST)";
				CODE_SIGN_STYLE = Automatic;
				DEVELOPMENT_TEAM = 894JWD782N;
				INFOPLIST_FILE = AppTests/Info.plist;
				LD_RUNPATH_SEARCH_PATHS = (
					"$(inherited)",
					"@executable_path/Frameworks",
					"@loader_path/Frameworks",
				);
				PRODUCT_BUNDLE_IDENTIFIER = com.ILA.AppTests;
				PRODUCT_NAME = "$(TARGET_NAME)";
				SWIFT_VERSION = 4.2;
				TARGETED_DEVICE_FAMILY = "1,2";
				TEST_HOST = "$(BUILT_PRODUCTS_DIR)/Second.app/Second";
			};
			name = Debug;
		};
		1751858F231DB9800052F4E3 /* Release */ = {
			isa = XCBuildConfiguration;
			buildSettings = {
				BUNDLE_LOADER = "$(TEST_HOST)";
				CODE_SIGN_STYLE = Automatic;
				DEVELOPMENT_TEAM = 894JWD782N;
				INFOPLIST_FILE = AppTests/Info.plist;
				LD_RUNPATH_SEARCH_PATHS = (
					"$(inherited)",
					"@executable_path/Frameworks",
					"@loader_path/Frameworks",
				);
				PRODUCT_BUNDLE_IDENTIFIER = com.ILA.AppTests;
				PRODUCT_NAME = "$(TARGET_NAME)";
				SWIFT_VERSION = 4.2;
				TARGETED_DEVICE_FAMILY = "1,2";
				TEST_HOST = "$(BUILT_PRODUCTS_DIR)/Second.app/Second";
			};
			name = Release;
		};
		178009892315848A0055C652 /* Debug */ = {
			isa = XCBuildConfiguration;
			buildSettings = {
				ALWAYS_SEARCH_USER_PATHS = NO;
				CLANG_ANALYZER_NONNULL = YES;
				CLANG_ANALYZER_NUMBER_OBJECT_CONVERSION = YES_AGGRESSIVE;
				CLANG_CXX_LANGUAGE_STANDARD = "gnu++14";
				CLANG_CXX_LIBRARY = "libc++";
				CLANG_ENABLE_MODULES = YES;
				CLANG_ENABLE_OBJC_ARC = YES;
				CLANG_ENABLE_OBJC_WEAK = YES;
				CLANG_WARN_BLOCK_CAPTURE_AUTORELEASING = YES;
				CLANG_WARN_BOOL_CONVERSION = YES;
				CLANG_WARN_COMMA = YES;
				CLANG_WARN_CONSTANT_CONVERSION = YES;
				CLANG_WARN_DEPRECATED_OBJC_IMPLEMENTATIONS = YES;
				CLANG_WARN_DIRECT_OBJC_ISA_USAGE = YES_ERROR;
				CLANG_WARN_DOCUMENTATION_COMMENTS = YES;
				CLANG_WARN_EMPTY_BODY = YES;
				CLANG_WARN_ENUM_CONVERSION = YES;
				CLANG_WARN_INFINITE_RECURSION = YES;
				CLANG_WARN_INT_CONVERSION = YES;
				CLANG_WARN_NON_LITERAL_NULL_CONVERSION = YES;
				CLANG_WARN_OBJC_IMPLICIT_RETAIN_SELF = YES;
				CLANG_WARN_OBJC_LITERAL_CONVERSION = YES;
				CLANG_WARN_OBJC_ROOT_CLASS = YES_ERROR;
				CLANG_WARN_RANGE_LOOP_ANALYSIS = YES;
				CLANG_WARN_STRICT_PROTOTYPES = YES;
				CLANG_WARN_SUSPICIOUS_MOVE = YES;
				CLANG_WARN_UNGUARDED_AVAILABILITY = YES_AGGRESSIVE;
				CLANG_WARN_UNREACHABLE_CODE = YES;
				CLANG_WARN__DUPLICATE_METHOD_MATCH = YES;
				CODE_SIGN_IDENTITY = "iPhone Developer";
				COPY_PHASE_STRIP = NO;
				DEBUG_INFORMATION_FORMAT = dwarf;
				ENABLE_STRICT_OBJC_MSGSEND = YES;
				ENABLE_TESTABILITY = YES;
				GCC_C_LANGUAGE_STANDARD = gnu11;
				GCC_DYNAMIC_NO_PIC = NO;
				GCC_NO_COMMON_BLOCKS = YES;
				GCC_OPTIMIZATION_LEVEL = 0;
				GCC_PREPROCESSOR_DEFINITIONS = (
					"DEBUG=1",
					"$(inherited)",
				);
				GCC_WARN_64_TO_32_BIT_CONVERSION = YES;
				GCC_WARN_ABOUT_RETURN_TYPE = YES_ERROR;
				GCC_WARN_UNDECLARED_SELECTOR = YES;
				GCC_WARN_UNINITIALIZED_AUTOS = YES_AGGRESSIVE;
				GCC_WARN_UNUSED_FUNCTION = YES;
				GCC_WARN_UNUSED_VARIABLE = YES;
				IPHONEOS_DEPLOYMENT_TARGET = 12.1;
				MTL_ENABLE_DEBUG_INFO = INCLUDE_SOURCE;
				MTL_FAST_MATH = YES;
				ONLY_ACTIVE_ARCH = YES;
				SDKROOT = iphoneos;
				SWIFT_ACTIVE_COMPILATION_CONDITIONS = DEBUG;
				SWIFT_OPTIMIZATION_LEVEL = "-Onone";
			};
			name = Debug;
		};
		1780098A2315848A0055C652 /* Release */ = {
			isa = XCBuildConfiguration;
			buildSettings = {
				ALWAYS_SEARCH_USER_PATHS = NO;
				CLANG_ANALYZER_NONNULL = YES;
				CLANG_ANALYZER_NUMBER_OBJECT_CONVERSION = YES_AGGRESSIVE;
				CLANG_CXX_LANGUAGE_STANDARD = "gnu++14";
				CLANG_CXX_LIBRARY = "libc++";
				CLANG_ENABLE_MODULES = YES;
				CLANG_ENABLE_OBJC_ARC = YES;
				CLANG_ENABLE_OBJC_WEAK = YES;
				CLANG_WARN_BLOCK_CAPTURE_AUTORELEASING = YES;
				CLANG_WARN_BOOL_CONVERSION = YES;
				CLANG_WARN_COMMA = YES;
				CLANG_WARN_CONSTANT_CONVERSION = YES;
				CLANG_WARN_DEPRECATED_OBJC_IMPLEMENTATIONS = YES;
				CLANG_WARN_DIRECT_OBJC_ISA_USAGE = YES_ERROR;
				CLANG_WARN_DOCUMENTATION_COMMENTS = YES;
				CLANG_WARN_EMPTY_BODY = YES;
				CLANG_WARN_ENUM_CONVERSION = YES;
				CLANG_WARN_INFINITE_RECURSION = YES;
				CLANG_WARN_INT_CONVERSION = YES;
				CLANG_WARN_NON_LITERAL_NULL_CONVERSION = YES;
				CLANG_WARN_OBJC_IMPLICIT_RETAIN_SELF = YES;
				CLANG_WARN_OBJC_LITERAL_CONVERSION = YES;
				CLANG_WARN_OBJC_ROOT_CLASS = YES_ERROR;
				CLANG_WARN_RANGE_LOOP_ANALYSIS = YES;
				CLANG_WARN_STRICT_PROTOTYPES = YES;
				CLANG_WARN_SUSPICIOUS_MOVE = YES;
				CLANG_WARN_UNGUARDED_AVAILABILITY = YES_AGGRESSIVE;
				CLANG_WARN_UNREACHABLE_CODE = YES;
				CLANG_WARN__DUPLICATE_METHOD_MATCH = YES;
				CODE_SIGN_IDENTITY = "iPhone Developer";
				COPY_PHASE_STRIP = NO;
				DEBUG_INFORMATION_FORMAT = "dwarf-with-dsym";
				ENABLE_NS_ASSERTIONS = NO;
				ENABLE_STRICT_OBJC_MSGSEND = YES;
				GCC_C_LANGUAGE_STANDARD = gnu11;
				GCC_NO_COMMON_BLOCKS = YES;
				GCC_WARN_64_TO_32_BIT_CONVERSION = YES;
				GCC_WARN_ABOUT_RETURN_TYPE = YES_ERROR;
				GCC_WARN_UNDECLARED_SELECTOR = YES;
				GCC_WARN_UNINITIALIZED_AUTOS = YES_AGGRESSIVE;
				GCC_WARN_UNUSED_FUNCTION = YES;
				GCC_WARN_UNUSED_VARIABLE = YES;
				IPHONEOS_DEPLOYMENT_TARGET = 12.1;
				MTL_ENABLE_DEBUG_INFO = NO;
				MTL_FAST_MATH = YES;
				SDKROOT = iphoneos;
				SWIFT_COMPILATION_MODE = wholemodule;
				SWIFT_OPTIMIZATION_LEVEL = "-O";
				VALIDATE_PRODUCT = YES;
			};
			name = Release;
		};
		1780098C2315848A0055C652 /* Debug */ = {
			isa = XCBuildConfiguration;
			buildSettings = {
				ASSETCATALOG_COMPILER_APPICON_NAME = AppIcon;
				CODE_SIGN_STYLE = Automatic;
				DEVELOPMENT_TEAM = 894JWD782N;
				INFOPLIST_FILE = Second/Info.plist;
				LD_RUNPATH_SEARCH_PATHS = (
					"$(inherited)",
					"@executable_path/Frameworks",
				);
				PRODUCT_BUNDLE_IDENTIFIER = com.ILA.Second;
				PRODUCT_NAME = "$(TARGET_NAME)";
				SWIFT_VERSION = 4.2;
				TARGETED_DEVICE_FAMILY = "1,2";
			};
			name = Debug;
		};
		1780098D2315848A0055C652 /* Release */ = {
			isa = XCBuildConfiguration;
			buildSettings = {
				ASSETCATALOG_COMPILER_APPICON_NAME = AppIcon;
				CODE_SIGN_STYLE = Automatic;
				DEVELOPMENT_TEAM = 894JWD782N;
				INFOPLIST_FILE = Second/Info.plist;
				LD_RUNPATH_SEARCH_PATHS = (
					"$(inherited)",
					"@executable_path/Frameworks",
				);
				PRODUCT_BUNDLE_IDENTIFIER = com.ILA.Second;
				PRODUCT_NAME = "$(TARGET_NAME)";
				SWIFT_VERSION = 4.2;
				TARGETED_DEVICE_FAMILY = "1,2";
			};
			name = Release;
		};
		1780098F2315848A0055C652 /* Debug */ = {
			isa = XCBuildConfiguration;
			buildSettings = {
				ALWAYS_EMBED_SWIFT_STANDARD_LIBRARIES = YES;
				BUNDLE_LOADER = "$(TEST_HOST)";
				CODE_SIGN_STYLE = Automatic;
				DEVELOPMENT_TEAM = 894JWD782N;
				INFOPLIST_FILE = SecondTests/Info.plist;
				LD_RUNPATH_SEARCH_PATHS = (
					"$(inherited)",
					"@executable_path/Frameworks",
					"@loader_path/Frameworks",
				);
				PRODUCT_BUNDLE_IDENTIFIER = com.ILA.SecondTests;
				PRODUCT_NAME = "$(TARGET_NAME)";
				SWIFT_VERSION = 4.2;
				TARGETED_DEVICE_FAMILY = "1,2";
				TEST_HOST = "$(BUILT_PRODUCTS_DIR)/Second.app/Second";
			};
			name = Debug;
		};
		178009902315848A0055C652 /* Release */ = {
			isa = XCBuildConfiguration;
			buildSettings = {
				ALWAYS_EMBED_SWIFT_STANDARD_LIBRARIES = YES;
				BUNDLE_LOADER = "$(TEST_HOST)";
				CODE_SIGN_STYLE = Automatic;
				DEVELOPMENT_TEAM = 894JWD782N;
				INFOPLIST_FILE = SecondTests/Info.plist;
				LD_RUNPATH_SEARCH_PATHS = (
					"$(inherited)",
					"@executable_path/Frameworks",
					"@loader_path/Frameworks",
				);
				PRODUCT_BUNDLE_IDENTIFIER = com.ILA.SecondTests;
				PRODUCT_NAME = "$(TARGET_NAME)";
				SWIFT_VERSION = 4.2;
				TARGETED_DEVICE_FAMILY = "1,2";
				TEST_HOST = "$(BUILT_PRODUCTS_DIR)/Second.app/Second";
			};
			name = Release;
		};
/* End XCBuildConfiguration section */

/* Begin XCConfigurationList section */
		1751858D231DB9800052F4E3 /* Build configuration list for PBXNativeTarget "AppTests" */ = {
			isa = XCConfigurationList;
			buildConfigurations = (
				1751858E231DB9800052F4E3 /* Debug */,
				1751858F231DB9800052F4E3 /* Release */,
			);
			defaultConfigurationIsVisible = 0;
			defaultConfigurationName = Release;
		};
		17800969231584880055C652 /* Build configuration list for PBXProject "Second" */ = {
			isa = XCConfigurationList;
			buildConfigurations = (
				178009892315848A0055C652 /* Debug */,
				1780098A2315848A0055C652 /* Release */,
			);
			defaultConfigurationIsVisible = 0;
			defaultConfigurationName = Release;
		};
		1780098B2315848A0055C652 /* Build configuration list for PBXNativeTarget "Second" */ = {
			isa = XCConfigurationList;
			buildConfigurations = (
				1780098C2315848A0055C652 /* Debug */,
				1780098D2315848A0055C652 /* Release */,
			);
			defaultConfigurationIsVisible = 0;
			defaultConfigurationName = Release;
		};
		1780098E2315848A0055C652 /* Build configuration list for PBXNativeTarget "SecondTests" */ = {
			isa = XCConfigurationList;
			buildConfigurations = (
				1780098F2315848A0055C652 /* Debug */,
				178009902315848A0055C652 /* Release */,
			);
			defaultConfigurationIsVisible = 0;
			defaultConfigurationName = Release;
		};
/* End XCConfigurationList section */
	};
	rootObject = 17800966231584880055C652 /* Project object */;
}
